# Generated by pub
# See https://dart.dev/tools/pub/glossary#lockfile
packages:
  archive:
    dependency: transitive
    description:
      name: archive
      sha256: e739f05a0aed98dda77aeac57000d35fc6ed4650b8b4e32766f044a411d4dae9
      url: "https://pub.flutter-io.cn"
    source: hosted
    version: "3.0.0"
  async:
    dependency: transitive
    description:
      name: async
      sha256: "947bfcf187f74dbc5e146c9eb9c0f10c9f8b30743e341481c1e2ed3ecc18c20c"
      url: "https://pub.flutter-io.cn"
    source: hosted
    version: "2.11.0"
  boolean_selector:
    dependency: transitive
    description:
      name: boolean_selector
      sha256: "5bbf32bc9e518d41ec49718e2931cd4527292c9b0c6d2dffcf7fe6b9a8a8cf72"
      url: "https://pub.flutter-io.cn"
    source: hosted
    version: "2.1.0"
  built_collection:
    dependency: transitive
    description:
      name: built_collection
      sha256: "376e3dd27b51ea877c28d525560790aee2e6fbb5f20e2f85d5081027d94e2100"
      url: "https://pub.flutter-io.cn"
    source: hosted
    version: "5.1.1"
  characters:
    dependency: transitive
    description:
      name: characters
      sha256: f71061c654a3380576a52b451dd5532377954cf9dbd272a78fc8479606670803
      url: "https://pub.flutter-io.cn"
    source: hosted
    version: "1.4.0"
  charcode:
    dependency: transitive
    description:
      name: charcode
      sha256: "8e36feea6de5ea69f2199f29cf42a450a855738c498b57c0b980e2d3cca9c362"
      url: "https://pub.flutter-io.cn"
    source: hosted
    version: "1.2.0"
  clock:
    dependency: transitive
    description:
      name: clock
      sha256: fddb70d9b5277016c77a80201021d40a2247104d9f4aa7bab7157b7e3f05b84b
      url: "https://pub.flutter-io.cn"
    source: hosted
    version: "1.1.2"
  collection:
    dependency: transitive
    description:
      name: collection
      sha256: "2f5709ae4d3d59dd8f7cd309b4e023046b57d8a6c82130785d2b0e5868084e76"
      url: "https://pub.flutter-io.cn"
    source: hosted
    version: "1.19.1"
  crypto:
    dependency: transitive
    description:
      name: crypto
      sha256: "1e445881f28f22d6140f181e07737b22f1e099a5e1ff94b0af2f9e4a463f4855"
      url: "https://pub.flutter-io.cn"
    source: hosted
    version: "3.0.6"
  cupertino_icons:
    dependency: "direct main"
    description:
      name: cupertino_icons
      sha256: ba631d1c7f7bef6b729a622b7b752645a2d076dba9976925b8f25725a30e1ee6
      url: "https://pub.flutter-io.cn"
    source: hosted
    version: "1.0.8"
  dart_either:
    dependency: "direct main"
    description:
      name: dart_either
      sha256: "2c6f9bb4426c2f9e5109ca72e132e9d4f858167f9750dabd24a30c992c90db78"
      url: "https://pub.flutter-io.cn"
    source: hosted
    version: "2.0.0"
  dio:
    dependency: "direct main"
    description:
      name: dio
      sha256: d90ee57923d1828ac14e492ca49440f65477f4bb1263575900be731a3dac66a9
      url: "https://pub.flutter-io.cn"
    source: hosted
    version: "5.9.0"
  dio_web_adapter:
    dependency: transitive
    description:
      name: dio_web_adapter
      sha256: "9e57d2be4f358d416c9d382e95f5f8d39a2c4da7c8a39dfd02ecae9c9bd4cd61"
      url: "https://pub.flutter-io.cn"
    source: hosted
    version: "1.1.0"
  equatable:
    dependency: "direct main"
    description:
      name: equatable
      sha256: "567c64b3cb4cf82397aac55f4f0cbd3ca20d77c6c03bedbc4ceaddc08904aef7"
      url: "https://pub.flutter-io.cn"
    source: hosted
    version: "2.0.7"
  event_bus:
    dependency: transitive
    description:
      name: event_bus
      sha256: "1a55e97923769c286d295240048fc180e7b0768902c3c2e869fe059aafa15304"
      url: "https://pub.flutter-io.cn"
    source: hosted
    version: "2.0.1"
  fake_async:
    dependency: transitive
    description:
      name: fake_async
      sha256: "5368f224a74523e8d2e7399ea1638b37aecfca824a3cc4dfdf77bf1fa905ac44"
      url: "https://pub.flutter-io.cn"
    source: hosted
    version: "1.3.3"
  ffi:
    dependency: transitive
    description:
      name: ffi
      sha256: "0396b3798d91e7330911407d0cebc6bcb776aff56da567deb1ef3f40a469e72a"
      url: "https://pub.flutter-io.cn"
    source: hosted
    version: "2.0.0"
  file:
    dependency: transitive
    description:
      name: file
      sha256: "716a02ed2fabe2d0cc0fa0bcaefae83c412e8aef6c559aa394ed7c12ec5b981b"
      url: "https://pub.flutter-io.cn"
    source: hosted
    version: "6.0.0"
  fixnum:
    dependency: transitive
    description:
      name: fixnum
      sha256: "25517a4deb0c03aa0f32fd12db525856438902d9c16536311e76cdc57b31d7d1"
      url: "https://pub.flutter-io.cn"
    source: hosted
    version: "1.1.0"
  flutter:
    dependency: "direct main"
    description: flutter
    source: sdk
    version: "0.0.0"
  flutter_driver:
    dependency: transitive
    description: flutter
    source: sdk
    version: "0.0.0"
  flutter_lints:
    dependency: "direct dev"
    description:
      name: flutter_lints
      sha256: "3105dc8492f6183fb076ccf1f351ac3d60564bff92e20bfc4af9cc1651f4e7e1"
      url: "https://pub.flutter-io.cn"
    source: hosted
    version: "6.0.0"
  flutter_test:
    dependency: "direct dev"
    description: flutter
    source: sdk
    version: "0.0.0"
  flutter_web_plugins:
    dependency: transitive
    description: flutter
    source: sdk
    version: "0.0.0"
  fuchsia_remote_debug_protocol:
    dependency: transitive
    description: flutter
    source: sdk
    version: "0.0.0"
  get_it:
    dependency: "direct main"
    description:
      name: get_it
      sha256: "2c120112e34bbd5f4ce2ca1ad3076a5b2068eb1e48aae8dd7b717b26cdd38543"
      url: "https://pub.flutter-io.cn"
    source: hosted
    version: "9.1.1"
  go_router:
    dependency: "direct main"
    description:
      name: go_router
      sha256: c752e2d08d088bf83742cb05bf83003f3e9d276ff1519b5c92f9d5e60e5ddd23
      url: "https://pub.flutter-io.cn"
    source: hosted
    version: "16.2.4"
  http_parser:
    dependency: transitive
    description:
      name: http_parser
      sha256: e362d639ba3bc07d5a71faebb98cde68c05bfbcfbbb444b60b6f60bb67719185
      url: "https://pub.flutter-io.cn"
    source: hosted
    version: "4.0.0"
  integration_test:
    dependency: "direct dev"
    description: flutter
    source: sdk
    version: "0.0.0"
  leak_tracker:
    dependency: transitive
    description:
      name: leak_tracker
      sha256: "8dcda04c3fc16c14f48a7bb586d4be1f0d1572731b6d81d51772ef47c02081e0"
      url: "https://pub.flutter-io.cn"
    source: hosted
    version: "11.0.1"
  leak_tracker_flutter_testing:
    dependency: transitive
    description:
      name: leak_tracker_flutter_testing
      sha256: "1dbc140bb5a23c75ea9c4811222756104fbcd1a27173f0c34ca01e16bea473c1"
      url: "https://pub.flutter-io.cn"
    source: hosted
    version: "3.0.10"
  leak_tracker_testing:
    dependency: transitive
    description:
      name: leak_tracker_testing
      sha256: "8d5a2d49f4a66b49744b23b018848400d23e54caf9463f4eb20df3eb8acb2eb1"
      url: "https://pub.flutter-io.cn"
    source: hosted
    version: "3.0.2"
  lints:
    dependency: transitive
    description:
      name: lints
      sha256: a5e2b223cb7c9c8efdc663ef484fdd95bb243bff242ef5b13e26883547fce9a0
      url: "https://pub.flutter-io.cn"
    source: hosted
    version: "6.0.0"
  logging:
    dependency: transitive
    description:
      name: logging
      sha256: "3730d4c02b0c2d1db80ef9904e27fa796d75474f572a70011e0e616ee6bfc0ff"
      url: "https://pub.flutter-io.cn"
    source: hosted
    version: "1.0.0"
  matcher:
    dependency: transitive
    description:
      name: matcher
      sha256: dc58c723c3c24bf8d3e2d3ad3f2f9d7bd9cf43ec6feaa64181775e60190153f2
      url: "https://pub.flutter-io.cn"
    source: hosted
    version: "0.12.17"
  material_color_utilities:
    dependency: transitive
    description:
      name: material_color_utilities
      sha256: f7142bb1154231d7ea5f96bc7bde4bda2a0945d2806bb11670e30b850d56bdec
      url: "https://pub.flutter-io.cn"
    source: hosted
    version: "0.11.1"
  meta:
    dependency: transitive
    description:
      name: meta
      sha256: "23f08335362185a5ea2ad3a4e597f1375e78bce8a040df5c600c8d3552ef2394"
      url: "https://pub.flutter-io.cn"
    source: hosted
    version: "1.17.0"
  mime:
    dependency: transitive
    description:
      name: mime
      sha256: a7a98ea7f366e2cc9d2b20873815aebec5e2bc124fe0da9d3f7f59b0625ea180
      url: "https://pub.flutter-io.cn"
    source: hosted
    version: "1.0.0"
  mmkv:
    dependency: "direct main"
    description:
      name: mmkv
      sha256: bf06a3faa87157ec644f7d6cca2c91986a1c8432d6f96c20cc0753e642ebd381
      url: "https://pub.flutter-io.cn"
    source: hosted
    version: "2.2.4"
  mmkv_android:
    dependency: transitive
    description:
      name: mmkv_android
      sha256: "1569e273308d8f12497859672a0abd89ddeb4be3c64078e7b577ed9d813f3cd5"
      url: "https://pub.flutter-io.cn"
    source: hosted
    version: "2.2.4"
  mmkv_ios:
    dependency: transitive
    description:
      name: mmkv_ios
      sha256: b4fbc24b97c583568276a19d45787f3b497b7958bad21589069c1c3971a30915
      url: "https://pub.flutter-io.cn"
    source: hosted
    version: "2.2.4"
  mmkv_linux:
    dependency: transitive
    description:
      name: mmkv_linux
      sha256: "219559d516ee7bac052c3ddeb2aed3d83fb6579ce62d78b278c206bca6cf3e3e"
      url: "https://pub.flutter-io.cn"
    source: hosted
    version: "2.2.4"
  mmkv_ohos:
    dependency: transitive
    description:
      name: mmkv_ohos
      sha256: e51bce5b350d966bdd4033cc3d6c42536974ee6caf0ee65328e7c6f2ff3a637b
      url: "https://pub.flutter-io.cn"
    source: hosted
    version: "2.2.4"
  mmkv_platform_interface:
    dependency: transitive
    description:
      name: mmkv_platform_interface
      sha256: "9ac0e51172501e634e0d84ade7b4642f7c0d7ea45f3eeb52442ed42028d8e335"
      url: "https://pub.flutter-io.cn"
    source: hosted
    version: "2.2.3"
  mmkv_win32:
    dependency: transitive
    description:
      name: mmkv_win32
      sha256: "11d2b6430a69bb57466047dd2a9702239d470e92486550b03acf18a1cbcf26fb"
      url: "https://pub.flutter-io.cn"
    source: hosted
    version: "2.2.4"
  mqtt_client:
    dependency: "direct main"
    description:
      name: mqtt_client
      sha256: "3b3f406bf804df7de909f2c5098fba1a7d87fc4d86f01b6a12dc8d1b24be221f"
      url: "https://pub.flutter-io.cn"
    source: hosted
    version: "10.11.1"
  nested:
    dependency: transitive
    description:
      name: nested
      sha256: "03bac4c528c64c95c722ec99280375a6f2fc708eec17c7b3f07253b626cd2a20"
      url: "https://pub.flutter-io.cn"
    source: hosted
    version: "1.0.0"
  path:
    dependency: transitive
    description:
      name: path
      sha256: "75cca69d1490965be98c73ceaea117e8a04dd21217b37b292c9ddbec0d955bc5"
      url: "https://pub.flutter-io.cn"
    source: hosted
    version: "1.9.1"
  path_provider:
    dependency: transitive
    description:
      name: path_provider
      sha256: aa1b3572707c240d72569ce01756728cf0c8dca0cc381253d8ca2858c13edfe4
      url: "https://pub.flutter-io.cn"
    source: hosted
    version: "2.0.1"
  path_provider_linux:
    dependency: transitive
    description:
      name: path_provider_linux
      sha256: "938d2b6591587bcb009d2109a6ea464fd8fb2a75dc6423171b0d0afb1d27c708"
      url: "https://pub.flutter-io.cn"
    source: hosted
    version: "2.0.0"
  path_provider_macos:
    dependency: transitive
    description:
      name: path_provider_macos
      sha256: eb58b896ea3a504f0b0fa7870646bda6935a6f752b2a54df33f97070dacca8d4
      url: "https://pub.flutter-io.cn"
    source: hosted
    version: "2.0.0"
  path_provider_platform_interface:
    dependency: transitive
    description:
      name: path_provider_platform_interface
      sha256: "2e14fc474b8acfc4111ac8eb0e37c2fe70234f9f8cd796f1560d03aa1689fa51"
      url: "https://pub.flutter-io.cn"
    source: hosted
    version: "2.0.0"
  path_provider_windows:
    dependency: transitive
    description:
      name: path_provider_windows
      sha256: "999d3dc2ac03ca3f8433018efa40b73558fa4f9759bf8383a217861d120c7d74"
      url: "https://pub.flutter-io.cn"
    source: hosted
    version: "2.1.0"
  platform:
    dependency: transitive
    description:
      name: platform
      sha256: ebc79f16b5f6b609aad4a5e63447d4795d16f7adee46e93ed03200848c006735
      url: "https://pub.flutter-io.cn"
    source: hosted
    version: "3.0.0"
  plugin_platform_interface:
    dependency: transitive
    description:
      name: plugin_platform_interface
      sha256: f4f88d4a900933e7267e2b353594774fc0d07fb072b47eedcd5b54e1ea3269f8
      url: "https://pub.flutter-io.cn"
    source: hosted
    version: "2.1.7"
  process:
    dependency: transitive
    description:
      name: process
      sha256: "7009fcaa731943cfd124f11e23428bf9ceb38f08df079fb79c915fa726a5a739"
      url: "https://pub.flutter-io.cn"
    source: hosted
    version: "4.0.0"
  provider:
    dependency: "direct main"
    description:
      name: provider
      sha256: "4e82183fa20e5ca25703ead7e05de9e4cceed1fbd1eadc1ac3cb6f565a09f272"
      url: "https://pub.flutter-io.cn"
    source: hosted
    version: "6.1.5+1"
  shared_preferences:
    dependency: "direct main"
    description:
      name: shared_preferences
      sha256: "6e8bf70b7fef813df4e9a36f658ac46d107db4b4cfe1048b477d4e453a8159f5"
      url: "https://pub.flutter-io.cn"
    source: hosted
    version: "2.5.3"
  shared_preferences_android:
    dependency: transitive
    description:
      name: shared_preferences_android
      sha256: "7f172d1b06de5da47b6264c2692ee2ead20bbbc246690427cdb4fc301cd0c549"
      url: "https://pub.flutter-io.cn"
    source: hosted
    version: "2.3.4"
  shared_preferences_foundation:
    dependency: transitive
    description:
      name: shared_preferences_foundation
      sha256: "671e7a931f55a08aa45be2a13fe7247f2a41237897df434b30d2012388191833"
      url: "https://pub.flutter-io.cn"
    source: hosted
    version: "2.5.0"
  shared_preferences_linux:
    dependency: transitive
    description:
      name: shared_preferences_linux
      sha256: "2ba0510d3017f91655b7543e9ee46d48619de2a2af38e5c790423f7007c7ccc1"
      url: "https://pub.flutter-io.cn"
    source: hosted
    version: "2.4.0"
  shared_preferences_platform_interface:
    dependency: transitive
    description:
      name: shared_preferences_platform_interface
      sha256: "034650b71e73629ca08a0bd789fd1d83cc63c2d1e405946f7cef7bc37432f93a"
      url: "https://pub.flutter-io.cn"
    source: hosted
    version: "2.4.0"
  shared_preferences_web:
    dependency: transitive
    description:
      name: shared_preferences_web
      sha256: "3a293170d4d9403c3254ee05b84e62e8a9b3c5808ebd17de6a33fe9ea6457936"
      url: "https://pub.flutter-io.cn"
    source: hosted
    version: "2.4.0"
  shared_preferences_windows:
    dependency: transitive
    description:
      name: shared_preferences_windows
      sha256: "398084b47b7f92110683cac45c6dc4aae853db47e470e5ddcd52cab7f7196ab2"
      url: "https://pub.flutter-io.cn"
    source: hosted
    version: "2.4.0"
  sky_engine:
    dependency: transitive
    description: flutter
    source: sdk
    version: "0.0.0"
  source_span:
    dependency: transitive
    description:
      name: source_span
      sha256: f4b22294de9a549967d0033d4f30fcad4f0afc200f4bf58e82d815725feec70c
      url: "https://pub.flutter-io.cn"
    source: hosted
    version: "1.8.0"
  stack_trace:
    dependency: transitive
    description:
      name: stack_trace
      sha256: "8b27215b45d22309b5cddda1aa2b19bdfec9df0e765f2de506401c071d38d1b1"
      url: "https://pub.flutter-io.cn"
    source: hosted
    version: "1.12.1"
  stream_channel:
    dependency: transitive
    description:
      name: stream_channel
      sha256: "969e04c80b8bcdf826f8f16579c7b14d780458bd97f56d107d3950fdbeef059d"
      url: "https://pub.flutter-io.cn"
    source: hosted
    version: "2.1.4"
  string_scanner:
    dependency: transitive
    description:
      name: string_scanner
      sha256: dd11571b8a03f7cadcf91ec26a77e02bfbd6bbba2a512924d3116646b4198fc4
      url: "https://pub.flutter-io.cn"
    source: hosted
    version: "1.1.0"
  sync_http:
    dependency: transitive
    description:
      name: sync_http
      sha256: f6d9cb90bd57c88ad5356f6550dac4916b2005e3e445ee4fd3c7eba1cb4c179d
      url: "https://pub.flutter-io.cn"
    source: hosted
    version: "0.3.0"
  term_glyph:
    dependency: transitive
    description:
      name: term_glyph
      sha256: a88162591b02c1f3a3db3af8ce1ea2b374bd75a7bb8d5e353bcfbdc79d719830
      url: "https://pub.flutter-io.cn"
    source: hosted
    version: "1.2.0"
  test_api:
    dependency: transitive
    description:
      name: test_api
      sha256: ab2726c1a94d3176a45960b6234466ec367179b87dd74f1611adb1f3b5fb9d55
      url: "https://pub.flutter-io.cn"
    source: hosted
    version: "0.7.7"
  typed_data:
    dependency: transitive
    description:
      name: typed_data
      sha256: f9049c039ebfeb4cf7a7104a675823cd72dba8297f264b6637062516699fa006
      url: "https://pub.flutter-io.cn"
    source: hosted
    version: "1.4.0"
  uuid:
    dependency: "direct main"
    description:
      name: uuid
      sha256: a11b666489b1954e01d992f3d601b1804a33937b5a8fe677bd26b8a9f96f96e8
      url: "https://pub.flutter-io.cn"
    source: hosted
    version: "4.5.2"
  vector_math:
    dependency: transitive
    description:
      name: vector_math
      sha256: d530bd74fea330e6e364cda7a85019c434070188383e1cd8d9777ee586914c5b
      url: "https://pub.flutter-io.cn"
    source: hosted
    version: "2.2.0"
  vm_service:
    dependency: transitive
    description:
      name: vm_service
      sha256: c538be99af830f478718b51630ec1b6bee5e74e52c8a802d328d9e71d35d2583
      url: "https://pub.flutter-io.cn"
    source: hosted
    version: "11.10.0"
  web:
    dependency: transitive
    description:
      name: web
      sha256: "1d9158c616048c38f712a6646e317a3426da10e884447626167240d45209cbad"
      url: "https://pub.flutter-io.cn"
    source: hosted
    version: "0.5.0"
  webdriver:
    dependency: transitive
    description:
      name: webdriver
      sha256: "404f637d359f0aff771166d727f8e15b25b7aa991bf4c98d9dd726a117485886"
      url: "https://pub.flutter-io.cn"
    source: hosted
    version: "3.0.0"
  win32:
    dependency: transitive
    description:
      name: win32
      sha256: "6b75ac2ddd42f5c226fdaf4498a2b04071c06f1f2b8f7ab1c3f77cc7f2285ff1"
      url: "https://pub.flutter-io.cn"
    source: hosted
    version: "2.7.0"
  xdg_directories:
    dependency: transitive
    description:
      name: xdg_directories
      sha256: "0186b3f2d66be9a12b0295bddcf8b6f8c0b0cc2f85c6287344e2a6366bc28457"
      url: "https://pub.flutter-io.cn"
    source: hosted
    version: "0.2.0"
sdks:
  dart: ">=3.8.0 <4.0.0"
  flutter: ">=3.29.0"
